
Microsoft Visual Studio Solution File, Format Version 12.00
# Visual Studio Version 17
VisualStudioVersion = 17.5.33627.172
MinimumVisualStudioVersion = 10.0.40219.1
Project("{9A19103F-16F7-4668-BE54-9A1E7A4F7556}") = "Negocio.Server", "Negocio\Server\Negocio.Server.csproj", "{C549FCEE-13CF-4FEB-B660-56E5A90F5CF7}"
EndProject
Project("{9A19103F-16F7-4668-BE54-9A1E7A4F7556}") = "Negocio.Client", "Negocio\Client\Negocio.Client.csproj", "{C4B07335-F114-4FF8-94C3-4C4C9D301C84}"
EndProject
Project("{9A19103F-16F7-4668-BE54-9A1E7A4F7556}") = "Negocio.Shared", "Negocio\Shared\Negocio.Shared.csproj", "{9113828E-4A18-4FEC-BAFD-5B30B61A438B}"
EndProject
Project("{FAE04EC0-301F-11D3-BF4B-00C04F79EFBC}") = "Negocio.Bdata", "Negocio.Bdata\Negocio.Bdata.csproj", "{2B5934D6-4B90-4E5C-983B-C2C357BEF788}"
EndProject
Global
	GlobalSection(SolutionConfigurationPlatforms) = preSolution
		Debug|Any CPU = Debug|Any CPU
		Release|Any CPU = Release|Any CPU
	EndGlobalSection
	GlobalSection(ProjectConfigurationPlatforms) = postSolution
		{C549FCEE-13CF-4FEB-B660-56E5A90F5CF7}.Debug|Any CPU.ActiveCfg = Debug|Any CPU
		{C549FCEE-13CF-4FEB-B660-56E5A90F5CF7}.Debug|Any CPU.Build.0 = Debug|Any CPU
		{C549FCEE-13CF-4FEB-B660-56E5A90F5CF7}.Release|Any CPU.ActiveCfg = Release|Any CPU
		{C549FCEE-13CF-4FEB-B660-56E5A90F5CF7}.Release|Any CPU.Build.0 = Release|Any CPU
		{C4B07335-F114-4FF8-94C3-4C4C9D301C84}.Debug|Any CPU.ActiveCfg = Debug|Any CPU
		{C4B07335-F114-4FF8-94C3-4C4C9D301C84}.Debug|Any CPU.Build.0 = Debug|Any CPU
		{C4B07335-F114-4FF8-94C3-4C4C9D301C84}.Release|Any CPU.ActiveCfg = Release|Any CPU
		{C4B07335-F114-4FF8-94C3-4C4C9D301C84}.Release|Any CPU.Build.0 = Release|Any CPU
		{9113828E-4A18-4FEC-BAFD-5B30B61A438B}.Debug|Any CPU.ActiveCfg = Debug|Any CPU
		{9113828E-4A18-4FEC-BAFD-5B30B61A438B}.Debug|Any CPU.Build.0 = Debug|Any CPU
		{9113828E-4A18-4FEC-BAFD-5B30B61A438B}.Release|Any CPU.ActiveCfg = Release|Any CPU
		{9113828E-4A18-4FEC-BAFD-5B30B61A438B}.Release|Any CPU.Build.0 = Release|Any CPU
		{2B5934D6-4B90-4E5C-983B-C2C357BEF788}.Debug|Any CPU.ActiveCfg = Debug|Any CPU
		{2B5934D6-4B90-4E5C-983B-C2C357BEF788}.Debug|Any CPU.Build.0 = Debug|Any CPU
		{2B5934D6-4B90-4E5C-983B-C2C357BEF788}.Release|Any CPU.ActiveCfg = Release|Any CPU
		{2B5934D6-4B90-4E5C-983B-C2C357BEF788}.Release|Any CPU.Build.0 = Release|Any CPU
	EndGlobalSection
	GlobalSection(SolutionProperties) = preSolution
		HideSolutionNode = FALSE
	EndGlobalSection
	GlobalSection(ExtensibilityGlobals) = postSolution
		SolutionGuid = {9ED1B162-284F-4523-B950-7CEFADAFA6E8}
	EndGlobalSection
EndGlobal
